
Microsoft Visual Studio Solution File, Format Version 12.00
# Visual Studio 15
VisualStudioVersion = 15.0.27703.2042
MinimumVisualStudioVersion = 10.0.40219.1
Project("{FAE04EC0-301F-11D3-BF4B-00C04F79EFBC}") = "FinalProject", "FinalProject\FinalProject.csproj", "{F4156974-D151-4868-B553-2BDA8AFA2B08}"
EndProject
Global
	GlobalSection(SolutionConfigurationPlatforms) = preSolution
		Debug|ARM = Debug|ARM
		Debug|x64 = Debug|x64
		Debug|x86 = Debug|x86
		Release|ARM = Release|ARM
		Release|x64 = Release|x64
		Release|x86 = Release|x86
	EndGlobalSection
	GlobalSection(ProjectConfigurationPlatforms) = postSolution
		{F4156974-D151-4868-B553-2BDA8AFA2B08}.Debug|ARM.ActiveCfg = Debug|ARM
		{F4156974-D151-4868-B553-2BDA8AFA2B08}.Debug|ARM.Build.0 = Debug|ARM
		{F4156974-D151-4868-B553-2BDA8AFA2B08}.Debug|ARM.Deploy.0 = Debug|ARM
		{F4156974-D151-4868-B553-2BDA8AFA2B08}.Debug|x64.ActiveCfg = Debug|x64
		{F4156974-D151-4868-B553-2BDA8AFA2B08}.Debug|x64.Build.0 = Debug|x64
		{F4156974-D151-4868-B553-2BDA8AFA2B08}.Debug|x64.Deploy.0 = Debug|x64
		{F4156974-D151-4868-B553-2BDA8AFA2B08}.Debug|x86.ActiveCfg = Debug|x86
		{F4156974-D151-4868-B553-2BDA8AFA2B08}.Debug|x86.Build.0 = Debug|x86
		{F4156974-D151-4868-B553-2BDA8AFA2B08}.Debug|x86.Deploy.0 = Debug|x86
		{F4156974-D151-4868-B553-2BDA8AFA2B08}.Release|ARM.ActiveCfg = Release|ARM
		{F4156974-D151-4868-B553-2BDA8AFA2B08}.Release|ARM.Build.0 = Release|ARM
		{F4156974-D151-4868-B553-2BDA8AFA2B08}.Release|ARM.Deploy.0 = Release|ARM
		{F4156974-D151-4868-B553-2BDA8AFA2B08}.Release|x64.ActiveCfg = Release|x64
		{F4156974-D151-4868-B553-2BDA8AFA2B08}.Release|x64.Build.0 = Release|x64
		{F4156974-D151-4868-B553-2BDA8AFA2B08}.Release|x64.Deploy.0 = Release|x64
		{F4156974-D151-4868-B553-2BDA8AFA2B08}.Release|x86.ActiveCfg = Release|x86
		{F4156974-D151-4868-B553-2BDA8AFA2B08}.Release|x86.Build.0 = Release|x86
		{F4156974-D151-4868-B553-2BDA8AFA2B08}.Release|x86.Deploy.0 = Release|x86
	EndGlobalSection
	GlobalSection(SolutionProperties) = preSolution
		HideSolutionNode = FALSE
	EndGlobalSection
	GlobalSection(ExtensibilityGlobals) = postSolution
		SolutionGuid = {2F9F80D2-E0EF-4751-B169-39F76D080EDE}
	EndGlobalSection
EndGlobal
